#MicroXplorer Configuration settings - do not modify
ADC2.Channel-0\#ChannelRegularConversion=ADC_CHANNEL_4
ADC2.Channel-1\#ChannelRegularConversion=ADC_CHANNEL_8
ADC2.Channel-2\#ChannelRegularConversion=ADC_CHANNEL_18
ADC2.ClockPrescaler=ADC_CLOCK_ASYNC_DIV16
ADC2.ContinuousConvMode=ENABLE
ADC2.ConversionDataManagement=ADC_CONVERSIONDATA_DFSDM
ADC2.EOCSelection=ADC_EOC_SEQ_CONV
ADC2.EnableInjectedConversion=DISABLE
ADC2.IPParameters=Rank-0\#ChannelRegularConversion,Channel-0\#ChannelRegularConversion,SamplingTime-0\#ChannelRegularConversion,OffsetNumber-0\#ChannelRegularConversion,OffsetSignedSaturation-0\#ChannelRegularConversion,NbrOfConversionFlag,Resolution,ContinuousConvMode,Overrun,Rank-1\#ChannelRegularConversion,Channel-1\#ChannelRegularConversion,SamplingTime-1\#ChannelRegularConversion,OffsetNumber-1\#ChannelRegularConversion,Rank-2\#ChannelRegularConversion,Channel-2\#ChannelRegularConversion,SamplingTime-2\#ChannelRegularConversion,OffsetNumber-2\#ChannelRegularConversion,NbrOfConversion,LeftBitShift,EOCSelection,ConversionDataManagement,Ratio,OversamplingMode,RightBitShift,ClockPrescaler,EnableInjectedConversion
ADC2.LeftBitShift=ADC_LEFTBITSHIFT_NONE
ADC2.NbrOfConversion=3
ADC2.NbrOfConversionFlag=1
ADC2.OffsetNumber-0\#ChannelRegularConversion=ADC_OFFSET_NONE
ADC2.OffsetNumber-1\#ChannelRegularConversion=ADC_OFFSET_NONE
ADC2.OffsetNumber-2\#ChannelRegularConversion=ADC_OFFSET_NONE
ADC2.OffsetSignedSaturation-0\#ChannelRegularConversion=DISABLE
ADC2.Overrun=ADC_OVR_DATA_OVERWRITTEN
ADC2.OversamplingMode=ENABLE
ADC2.Rank-0\#ChannelRegularConversion=1
ADC2.Rank-1\#ChannelRegularConversion=2
ADC2.Rank-2\#ChannelRegularConversion=3
ADC2.Ratio=4
ADC2.Resolution=ADC_RESOLUTION_8B
ADC2.RightBitShift=ADC_RIGHTBITSHIFT_2
ADC2.SamplingTime-0\#ChannelRegularConversion=ADC_SAMPLETIME_32CYCLES_5
ADC2.SamplingTime-1\#ChannelRegularConversion=ADC_SAMPLETIME_32CYCLES_5
ADC2.SamplingTime-2\#ChannelRegularConversion=ADC_SAMPLETIME_32CYCLES_5
CAD.formats=
CAD.pinconfig=
CAD.provider=
CORTEX_M7.CPU_DCache=Enabled
CORTEX_M7.CPU_ICache=Enabled
CORTEX_M7.IPParameters=CPU_ICache,CPU_DCache
Dma.ADC2.0.Direction=DMA_PERIPH_TO_MEMORY
Dma.ADC2.0.EventEnable=DISABLE
Dma.ADC2.0.FIFOMode=DMA_FIFOMODE_DISABLE
Dma.ADC2.0.Instance=DMA1_Stream0
Dma.ADC2.0.MemDataAlignment=DMA_MDATAALIGN_BYTE
Dma.ADC2.0.MemInc=DMA_MINC_ENABLE
Dma.ADC2.0.Mode=DMA_CIRCULAR
Dma.ADC2.0.PeriphDataAlignment=DMA_PDATAALIGN_BYTE
Dma.ADC2.0.PeriphInc=DMA_PINC_DISABLE
Dma.ADC2.0.Polarity=HAL_DMAMUX_REQ_GEN_RISING
Dma.ADC2.0.Priority=DMA_PRIORITY_MEDIUM
Dma.ADC2.0.RequestNumber=1
Dma.ADC2.0.RequestParameters=Instance,Direction,PeriphInc,MemInc,PeriphDataAlignment,MemDataAlignment,Mode,Priority,FIFOMode,SignalID,Polarity,RequestNumber,SyncSignalID,SyncPolarity,SyncEnable,EventEnable,SyncRequestNumber
Dma.ADC2.0.SignalID=NONE
Dma.ADC2.0.SyncEnable=DISABLE
Dma.ADC2.0.SyncPolarity=HAL_DMAMUX_SYNC_NO_EVENT
Dma.ADC2.0.SyncRequestNumber=1
Dma.ADC2.0.SyncSignalID=NONE
Dma.Request0=ADC2
Dma.Request1=USART3_TX
Dma.Request2=USART3_RX
Dma.Request3=TIM4_CH1
Dma.Request4=SPI1_TX
Dma.Request5=SPI1_RX
Dma.RequestsNb=6
Dma.SPI1_RX.5.Direction=DMA_PERIPH_TO_MEMORY
Dma.SPI1_RX.5.EventEnable=DISABLE
Dma.SPI1_RX.5.FIFOMode=DMA_FIFOMODE_DISABLE
Dma.SPI1_RX.5.Instance=DMA1_Stream5
Dma.SPI1_RX.5.MemDataAlignment=DMA_MDATAALIGN_BYTE
Dma.SPI1_RX.5.MemInc=DMA_MINC_ENABLE
Dma.SPI1_RX.5.Mode=DMA_NORMAL
Dma.SPI1_RX.5.PeriphDataAlignment=DMA_PDATAALIGN_BYTE
Dma.SPI1_RX.5.PeriphInc=DMA_PINC_DISABLE
Dma.SPI1_RX.5.Polarity=HAL_DMAMUX_REQ_GEN_RISING
Dma.SPI1_RX.5.Priority=DMA_PRIORITY_HIGH
Dma.SPI1_RX.5.RequestNumber=1
Dma.SPI1_RX.5.RequestParameters=Instance,Direction,PeriphInc,MemInc,PeriphDataAlignment,MemDataAlignment,Mode,Priority,FIFOMode,SignalID,Polarity,RequestNumber,SyncSignalID,SyncPolarity,SyncEnable,EventEnable,SyncRequestNumber
Dma.SPI1_RX.5.SignalID=NONE
Dma.SPI1_RX.5.SyncEnable=DISABLE
Dma.SPI1_RX.5.SyncPolarity=HAL_DMAMUX_SYNC_NO_EVENT
Dma.SPI1_RX.5.SyncRequestNumber=1
Dma.SPI1_RX.5.SyncSignalID=NONE
Dma.SPI1_TX.4.Direction=DMA_MEMORY_TO_PERIPH
Dma.SPI1_TX.4.EventEnable=DISABLE
Dma.SPI1_TX.4.FIFOMode=DMA_FIFOMODE_DISABLE
Dma.SPI1_TX.4.Instance=DMA1_Stream4
Dma.SPI1_TX.4.MemDataAlignment=DMA_MDATAALIGN_BYTE
Dma.SPI1_TX.4.MemInc=DMA_MINC_ENABLE
Dma.SPI1_TX.4.Mode=DMA_NORMAL
Dma.SPI1_TX.4.PeriphDataAlignment=DMA_PDATAALIGN_BYTE
Dma.SPI1_TX.4.PeriphInc=DMA_PINC_DISABLE
Dma.SPI1_TX.4.Polarity=HAL_DMAMUX_REQ_GEN_RISING
Dma.SPI1_TX.4.Priority=DMA_PRIORITY_HIGH
Dma.SPI1_TX.4.RequestNumber=1
Dma.SPI1_TX.4.RequestParameters=Instance,Direction,PeriphInc,MemInc,PeriphDataAlignment,MemDataAlignment,Mode,Priority,FIFOMode,SignalID,Polarity,RequestNumber,SyncSignalID,SyncPolarity,SyncEnable,EventEnable,SyncRequestNumber
Dma.SPI1_TX.4.SignalID=NONE
Dma.SPI1_TX.4.SyncEnable=DISABLE
Dma.SPI1_TX.4.SyncPolarity=HAL_DMAMUX_SYNC_NO_EVENT
Dma.SPI1_TX.4.SyncRequestNumber=1
Dma.SPI1_TX.4.SyncSignalID=NONE
Dma.TIM4_CH1.3.Direction=DMA_PERIPH_TO_MEMORY
Dma.TIM4_CH1.3.EventEnable=DISABLE
Dma.TIM4_CH1.3.FIFOMode=DMA_FIFOMODE_DISABLE
Dma.TIM4_CH1.3.Instance=DMA1_Stream3
Dma.TIM4_CH1.3.MemDataAlignment=DMA_MDATAALIGN_BYTE
Dma.TIM4_CH1.3.MemInc=DMA_MINC_ENABLE
Dma.TIM4_CH1.3.Mode=DMA_NORMAL
Dma.TIM4_CH1.3.PeriphDataAlignment=DMA_PDATAALIGN_BYTE
Dma.TIM4_CH1.3.PeriphInc=DMA_PINC_DISABLE
Dma.TIM4_CH1.3.Polarity=HAL_DMAMUX_REQ_GEN_RISING
Dma.TIM4_CH1.3.Priority=DMA_PRIORITY_MEDIUM
Dma.TIM4_CH1.3.RequestNumber=1
Dma.TIM4_CH1.3.RequestParameters=Instance,Direction,PeriphInc,MemInc,PeriphDataAlignment,MemDataAlignment,Mode,Priority,FIFOMode,SignalID,Polarity,RequestNumber,SyncSignalID,SyncPolarity,SyncEnable,EventEnable,SyncRequestNumber
Dma.TIM4_CH1.3.SignalID=NONE
Dma.TIM4_CH1.3.SyncEnable=DISABLE
Dma.TIM4_CH1.3.SyncPolarity=HAL_DMAMUX_SYNC_NO_EVENT
Dma.TIM4_CH1.3.SyncRequestNumber=1
Dma.TIM4_CH1.3.SyncSignalID=NONE
Dma.USART3_RX.2.Direction=DMA_PERIPH_TO_MEMORY
Dma.USART3_RX.2.EventEnable=DISABLE
Dma.USART3_RX.2.FIFOMode=DMA_FIFOMODE_DISABLE
Dma.USART3_RX.2.Instance=DMA1_Stream2
Dma.USART3_RX.2.MemDataAlignment=DMA_MDATAALIGN_BYTE
Dma.USART3_RX.2.MemInc=DMA_MINC_ENABLE
Dma.USART3_RX.2.Mode=DMA_CIRCULAR
Dma.USART3_RX.2.PeriphDataAlignment=DMA_PDATAALIGN_BYTE
Dma.USART3_RX.2.PeriphInc=DMA_PINC_DISABLE
Dma.USART3_RX.2.Polarity=HAL_DMAMUX_REQ_GEN_RISING
Dma.USART3_RX.2.Priority=DMA_PRIORITY_MEDIUM
Dma.USART3_RX.2.RequestNumber=1
Dma.USART3_RX.2.RequestParameters=Instance,Direction,PeriphInc,MemInc,PeriphDataAlignment,MemDataAlignment,Mode,Priority,FIFOMode,SignalID,Polarity,RequestNumber,SyncSignalID,SyncPolarity,SyncEnable,EventEnable,SyncRequestNumber
Dma.USART3_RX.2.SignalID=NONE
Dma.USART3_RX.2.SyncEnable=DISABLE
Dma.USART3_RX.2.SyncPolarity=HAL_DMAMUX_SYNC_NO_EVENT
Dma.USART3_RX.2.SyncRequestNumber=1
Dma.USART3_RX.2.SyncSignalID=NONE
Dma.USART3_TX.1.Direction=DMA_MEMORY_TO_PERIPH
Dma.USART3_TX.1.EventEnable=DISABLE
Dma.USART3_TX.1.FIFOMode=DMA_FIFOMODE_DISABLE
Dma.USART3_TX.1.Instance=DMA1_Stream1
Dma.USART3_TX.1.MemDataAlignment=DMA_MDATAALIGN_BYTE
Dma.USART3_TX.1.MemInc=DMA_MINC_ENABLE
Dma.USART3_TX.1.Mode=DMA_CIRCULAR
Dma.USART3_TX.1.PeriphDataAlignment=DMA_PDATAALIGN_BYTE
Dma.USART3_TX.1.PeriphInc=DMA_PINC_DISABLE
Dma.USART3_TX.1.Polarity=HAL_DMAMUX_REQ_GEN_RISING
Dma.USART3_TX.1.Priority=DMA_PRIORITY_MEDIUM
Dma.USART3_TX.1.RequestNumber=1
Dma.USART3_TX.1.RequestParameters=Instance,Direction,PeriphInc,MemInc,PeriphDataAlignment,MemDataAlignment,Mode,Priority,FIFOMode,SignalID,Polarity,RequestNumber,SyncSignalID,SyncPolarity,SyncEnable,EventEnable,SyncRequestNumber
Dma.USART3_TX.1.SignalID=NONE
Dma.USART3_TX.1.SyncEnable=DISABLE
Dma.USART3_TX.1.SyncPolarity=HAL_DMAMUX_SYNC_NO_EVENT
Dma.USART3_TX.1.SyncRequestNumber=1
Dma.USART3_TX.1.SyncSignalID=NONE
FDCAN2.AutoRetransmission=ENABLE
FDCAN2.CalculateBaudRateNominal=499999
FDCAN2.CalculateTimeBitNominal=2000
FDCAN2.CalculateTimeQuantumNominal=125.00000000000001
FDCAN2.ClockCalibrationCCU=ENABLE
FDCAN2.DataPrescaler=15
FDCAN2.DataSyncJumpWidth=2
FDCAN2.DataTimeSeg1=13
FDCAN2.DataTimeSeg2=2
FDCAN2.IPParameters=CalculateTimeQuantumNominal,CalculateTimeBitNominal,CalculateBaudRateNominal,AutoRetransmission,NominalSyncJumpWidth,DataPrescaler,DataSyncJumpWidth,DataTimeSeg1,DataTimeSeg2,StdFiltersNbr,RxFifo0ElmtsNbr,TxFifoQueueElmtsNbr,ClockCalibrationCCU,NominalPrescaler,NominalTimeSeg1,NominalTimeSeg2
FDCAN2.NominalPrescaler=15
FDCAN2.NominalSyncJumpWidth=2
FDCAN2.NominalTimeSeg1=13
FDCAN2.NominalTimeSeg2=2
FDCAN2.RxFifo0ElmtsNbr=32
FDCAN2.StdFiltersNbr=1
FDCAN2.TxFifoQueueElmtsNbr=32
FMC.BankMapConfig=FMC_SWAPBMAP_SDRAM_SRAM
FMC.CASLatency1=FMC_SDRAM_CAS_LATENCY_3
FMC.ColumnBitsNumber1=FMC_SDRAM_COLUMN_BITS_NUM_9
FMC.ExitSelfRefreshDelay1=12
FMC.IPParameters=ColumnBitsNumber1,WriteProtection1,BankMapConfig,CASLatency1,ReadBurst1,ReadBurst2,LoadToActiveDelay1,RPDelay1,RPDelay2,ExitSelfRefreshDelay1,SelfRefreshTime1,RowCycleDelay1,RowCycleDelay2,RCDDelay1,WriteRecoveryTime1
FMC.LoadToActiveDelay1=2
FMC.RCDDelay1=3
FMC.RPDelay1=3
FMC.RPDelay2=3
FMC.ReadBurst1=FMC_SDRAM_RBURST_ENABLE
FMC.ReadBurst2=FMC_SDRAM_RBURST_ENABLE
FMC.RowCycleDelay1=10
FMC.RowCycleDelay2=10
FMC.SelfRefreshTime1=8
FMC.WriteProtection1=FMC_SDRAM_WRITE_PROTECTION_DISABLE
FMC.WriteRecoveryTime1=5
File.Version=6
GPIO.groupedBy=Group By Peripherals
I2C1.I2C_Fall_Time=32
I2C1.I2C_Rise_Time=32
I2C1.I2C_Speed_Mode=I2C_Fast
I2C1.IPParameters=Timing,I2C_Speed_Mode,Speed,I2C_Rise_Time,I2C_Fall_Time
I2C1.Speed=360
I2C1.Timing=0x00F03FF5
I2C4.Analog_Filter=I2C_ANALOGFILTER_ENABLE
I2C4.I2C_Fall_Time=50
I2C4.I2C_Rise_Time=50
I2C4.I2C_Speed_Mode=I2C_Fast
I2C4.IPParameters=Timing,I2C_Rise_Time,I2C_Fall_Time,I2C_Speed_Mode,Speed,Analog_Filter
I2C4.Speed=250
I2C4.Timing=0x10801FC1
KeepUserPlacement=false
LTDC.ActiveH=894
LTDC.ActiveW=560
LTDC.Alpha0_L0=255
LTDC.Alpha_L0=255
LTDC.BlendingFactor1_L0=LTDC_BLENDING_FACTOR1_PAxCA
LTDC.BlendingFactor2_L0=LTDC_BLENDING_FACTOR2_PAxCA
LTDC.HBP=80
LTDC.HFP=200
LTDC.HSync=1
LTDC.IPParameters=HSync,HBP,ActiveW,HFP,VSync,VBP,ActiveH,VFP,PCPolarity,Layers,WindowX1_L0,WindowY1_L0,PixelFormat_L0,Alpha0_L0,BlendingFactor1_L0,BlendingFactor2_L0,Alpha_L0
LTDC.Layers=0
LTDC.PCPolarity=LTDC_PCPOLARITY_IIPC
LTDC.PixelFormat_L0=LTDC_PIXEL_FORMAT_RGB565
LTDC.VBP=40
LTDC.VFP=22
LTDC.VSync=1
LTDC.WindowX1_L0=480
LTDC.WindowY1_L0=854
MMTAppRegionsCount=0
MMTConfigApplied=false
Mcu.CPN=STM32H743IIT6
Mcu.Family=STM32H7
Mcu.IP0=ADC2
Mcu.IP1=CORTEX_M7
Mcu.IP10=NVIC
Mcu.IP11=QUADSPI
Mcu.IP12=RCC
Mcu.IP13=SPI1
Mcu.IP14=SYS
Mcu.IP15=TIM4
Mcu.IP16=TIM12
Mcu.IP17=UART5
Mcu.IP18=USART1
Mcu.IP19=USART3
Mcu.IP2=DEBUG
Mcu.IP20=USB_OTG_FS
Mcu.IP3=DMA
Mcu.IP4=FDCAN2
Mcu.IP5=FMC
Mcu.IP6=I2C1
Mcu.IP7=I2C4
Mcu.IP8=LTDC
Mcu.IP9=MEMORYMAP
Mcu.IPNb=21
Mcu.Name=STM32H743IITx
Mcu.Package=LQFP176
Mcu.Pin0=PE2
Mcu.Pin1=PE4
Mcu.Pin10=PF2
Mcu.Pin100=PG11
Mcu.Pin101=PG12
Mcu.Pin102=PG15
Mcu.Pin103=PB3 (JTDO/TRACESWO)
Mcu.Pin104=PB4 (NJTRST)
Mcu.Pin105=PB5
Mcu.Pin106=PB6
Mcu.Pin107=PB7
Mcu.Pin108=PB8
Mcu.Pin109=PB9
Mcu.Pin11=PF3
Mcu.Pin110=PE0
Mcu.Pin111=PE1
Mcu.Pin112=PI4
Mcu.Pin113=VP_SYS_VS_Systick
Mcu.Pin114=VP_TIM4_VS_ClockSourceINT
Mcu.Pin115=VP_TIM12_VS_ClockSourceINT
Mcu.Pin116=VP_MEMORYMAP_VS_MEMORYMAP
Mcu.Pin12=PF4
Mcu.Pin13=PF5
Mcu.Pin14=PF6
Mcu.Pin15=PF8
Mcu.Pin16=PF9
Mcu.Pin17=PF10
Mcu.Pin18=PH0-OSC_IN (PH0)
Mcu.Pin19=PH1-OSC_OUT (PH1)
Mcu.Pin2=PE5
Mcu.Pin20=PC0
Mcu.Pin21=PC2_C
Mcu.Pin22=PC3_C
Mcu.Pin23=PA1
Mcu.Pin24=PA2
Mcu.Pin25=PH2
Mcu.Pin26=PH3
Mcu.Pin27=PH4
Mcu.Pin28=PH5
Mcu.Pin29=PA3
Mcu.Pin3=PE6
Mcu.Pin30=PA4
Mcu.Pin31=PA5
Mcu.Pin32=PA6
Mcu.Pin33=PA7
Mcu.Pin34=PC4
Mcu.Pin35=PC5
Mcu.Pin36=PB0
Mcu.Pin37=PB1
Mcu.Pin38=PB2
Mcu.Pin39=PF11
Mcu.Pin4=PI8
Mcu.Pin40=PF12
Mcu.Pin41=PF13
Mcu.Pin42=PF14
Mcu.Pin43=PF15
Mcu.Pin44=PG0
Mcu.Pin45=PG1
Mcu.Pin46=PE7
Mcu.Pin47=PE8
Mcu.Pin48=PE9
Mcu.Pin49=PE10
Mcu.Pin5=PI9
Mcu.Pin50=PE11
Mcu.Pin51=PE12
Mcu.Pin52=PE13
Mcu.Pin53=PE14
Mcu.Pin54=PE15
Mcu.Pin55=PB10
Mcu.Pin56=PB11
Mcu.Pin57=PH6
Mcu.Pin58=PH7
Mcu.Pin59=PH9
Mcu.Pin6=PI10
Mcu.Pin60=PH10
Mcu.Pin61=PH11
Mcu.Pin62=PH12
Mcu.Pin63=PB12
Mcu.Pin64=PB13
Mcu.Pin65=PD8
Mcu.Pin66=PD9
Mcu.Pin67=PD10
Mcu.Pin68=PD12
Mcu.Pin69=PD14
Mcu.Pin7=PI11
Mcu.Pin70=PD15
Mcu.Pin71=PG2
Mcu.Pin72=PG4
Mcu.Pin73=PG5
Mcu.Pin74=PG6
Mcu.Pin75=PG7
Mcu.Pin76=PG8
Mcu.Pin77=PC9
Mcu.Pin78=PA8
Mcu.Pin79=PA9
Mcu.Pin8=PF0
Mcu.Pin80=PA10
Mcu.Pin81=PA11
Mcu.Pin82=PA12
Mcu.Pin83=PA13 (JTMS/SWDIO)
Mcu.Pin84=PH15
Mcu.Pin85=PI0
Mcu.Pin86=PI2
Mcu.Pin87=PA14 (JTCK/SWCLK)
Mcu.Pin88=PC10
Mcu.Pin89=PC12
Mcu.Pin9=PF1
Mcu.Pin90=PD0
Mcu.Pin91=PD1
Mcu.Pin92=PD2
Mcu.Pin93=PD3
Mcu.Pin94=PD4
Mcu.Pin95=PD5
Mcu.Pin96=PD6
Mcu.Pin97=PD7
Mcu.Pin98=PG9
Mcu.Pin99=PG10
Mcu.PinsNb=117
Mcu.ThirdPartyNb=0
Mcu.UserConstants=
Mcu.UserName=STM32H743IITx
MxCube.Version=6.15.0
MxDb.Version=DB.6.0.150
NVIC.BusFault_IRQn=true\:0\:0\:false\:false\:true\:false\:false\:false
NVIC.DMA1_Stream0_IRQn=true\:1\:0\:true\:false\:true\:false\:true\:true
NVIC.DMA1_Stream1_IRQn=true\:1\:0\:true\:false\:true\:false\:true\:true
NVIC.DMA1_Stream2_IRQn=true\:1\:0\:true\:false\:true\:false\:true\:true
NVIC.DMA1_Stream3_IRQn=true\:1\:0\:true\:false\:true\:false\:true\:true
NVIC.DMA1_Stream4_IRQn=true\:1\:0\:true\:false\:true\:false\:true\:true
NVIC.DMA1_Stream5_IRQn=true\:1\:0\:true\:false\:true\:false\:true\:true
NVIC.DebugMonitor_IRQn=true\:0\:0\:false\:false\:true\:false\:false\:false
NVIC.ForceEnableDMAVector=true
NVIC.HardFault_IRQn=true\:0\:0\:false\:false\:true\:false\:false\:false
NVIC.MemoryManagement_IRQn=true\:0\:0\:false\:false\:true\:false\:false\:false
NVIC.NonMaskableInt_IRQn=true\:0\:0\:false\:false\:true\:false\:false\:false
NVIC.PendSV_IRQn=true\:0\:0\:false\:false\:true\:false\:false\:false
NVIC.PriorityGroup=NVIC_PRIORITYGROUP_4
NVIC.SPI1_IRQn=true\:1\:0\:true\:false\:true\:false\:true\:true
NVIC.SVCall_IRQn=true\:0\:0\:false\:false\:true\:false\:false\:false
NVIC.SysTick_IRQn=true\:0\:0\:true\:false\:true\:false\:true\:false
NVIC.TIM4_IRQn=true\:2\:0\:true\:false\:true\:true\:true\:true
NVIC.USART1_IRQn=true\:3\:0\:true\:false\:true\:true\:true\:true
NVIC.USART3_IRQn=true\:3\:0\:true\:false\:true\:false\:true\:true
NVIC.UsageFault_IRQn=true\:0\:0\:false\:false\:true\:false\:false\:false
PA1.GPIOParameters=GPIO_Speed
PA1.GPIO_Speed=GPIO_SPEED_FREQ_VERY_HIGH
PA1.Locked=true
PA1.Mode=RGB888
PA1.Signal=LTDC_R2
PA10.Locked=true
PA10.Mode=Asynchronous
PA10.Signal=USART1_RX
PA11.GPIOParameters=GPIO_Speed
PA11.GPIO_Speed=GPIO_SPEED_FREQ_MEDIUM
PA11.Locked=true
PA11.Mode=Device_Only
PA11.Signal=USB_OTG_FS_DM
PA12.GPIOParameters=GPIO_Speed
PA12.GPIO_Speed=GPIO_SPEED_FREQ_MEDIUM
PA12.Locked=true
PA12.Mode=Device_Only
PA12.Signal=USB_OTG_FS_DP
PA13\ (JTMS/SWDIO).Mode=Serial_Wire
PA13\ (JTMS/SWDIO).Signal=DEBUG_JTMS-SWDIO
PA14\ (JTCK/SWCLK).Mode=Serial_Wire
PA14\ (JTCK/SWCLK).Signal=DEBUG_JTCK-SWCLK
PA2.GPIOParameters=GPIO_Speed
PA2.GPIO_Speed=GPIO_SPEED_FREQ_VERY_HIGH
PA2.Locked=true
PA2.Mode=RGB888
PA2.Signal=LTDC_R1
PA3.GPIOParameters=GPIO_Speed
PA3.GPIO_Speed=GPIO_SPEED_FREQ_VERY_HIGH
PA3.Locked=true
PA3.Mode=RGB888
PA3.Signal=LTDC_B5
PA4.GPIOParameters=GPIO_Label
PA4.GPIO_Label=KEY_PRESS
PA4.Locked=true
PA4.Signal=ADCx_INP18
PA5.GPIOParameters=GPIO_Speed
PA5.GPIO_Speed=GPIO_SPEED_FREQ_VERY_HIGH
PA5.Locked=true
PA5.Mode=RGB888
PA5.Signal=LTDC_R4
PA6.GPIOParameters=GPIO_Speed
PA6.GPIO_Speed=GPIO_SPEED_FREQ_VERY_HIGH
PA6.Locked=true
PA6.Mode=RGB888
PA6.Signal=LTDC_G2
PA7.Locked=true
PA7.Signal=FMC_SDNWE
PA8.GPIOParameters=GPIO_Speed
PA8.GPIO_Speed=GPIO_SPEED_FREQ_VERY_HIGH
PA8.Locked=true
PA8.Mode=RGB888
PA8.Signal=LTDC_B3
PA9.Locked=true
PA9.Mode=Asynchronous
PA9.Signal=USART1_TX
PB0.GPIOParameters=GPIO_Speed
PB0.GPIO_Speed=GPIO_SPEED_FREQ_VERY_HIGH
PB0.Locked=true
PB0.Mode=RGB888
PB0.Signal=LTDC_R3
PB1.GPIOParameters=GPIO_Speed
PB1.GPIO_Speed=GPIO_SPEED_FREQ_VERY_HIGH
PB1.Locked=true
PB1.Mode=RGB888
PB1.Signal=LTDC_R6
PB10.GPIOParameters=GPIO_Speed,GPIO_PuPd
PB10.GPIO_PuPd=GPIO_PULLUP
PB10.GPIO_Speed=GPIO_SPEED_FREQ_VERY_HIGH
PB10.Mode=Single Bank 1
PB10.Signal=QUADSPI_BK1_NCS
PB11.GPIOParameters=GPIO_Label
PB11.GPIO_Label=PM25_USART_RX
PB11.Mode=Asynchronous
PB11.Signal=USART3_RX
PB12.GPIOParameters=GPIO_Speed
PB12.GPIO_Speed=GPIO_SPEED_FREQ_MEDIUM
PB12.Locked=true
PB12.Mode=FDCAN_Activate
PB12.Signal=FDCAN2_RX
PB13.GPIOParameters=GPIO_Speed,PinAttribute
PB13.GPIO_Speed=GPIO_SPEED_FREQ_MEDIUM
PB13.Locked=true
PB13.Mode=FDCAN_Activate
PB13.PinAttribute=Free
PB13.Signal=FDCAN2_TX
PB2.GPIOParameters=GPIO_Speed,GPIO_PuPd
PB2.GPIO_PuPd=GPIO_PULLUP
PB2.GPIO_Speed=GPIO_SPEED_FREQ_VERY_HIGH
PB2.Mode=Single Bank 1
PB2.Signal=QUADSPI_CLK
PB3\ (JTDO/TRACESWO).GPIOParameters=GPIO_Label
PB3\ (JTDO/TRACESWO).GPIO_Label=W5500_LINK
PB3\ (JTDO/TRACESWO).Locked=true
PB3\ (JTDO/TRACESWO).Signal=GPIO_Input
PB4\ (NJTRST).GPIOParameters=GPIO_Label
PB4\ (NJTRST).GPIO_Label=W5500_DUP
PB4\ (NJTRST).Locked=true
PB4\ (NJTRST).Signal=GPIO_Input
PB5.GPIOParameters=GPIO_Label
PB5.GPIO_Label=W5500_ACT
PB5.Locked=true
PB5.Signal=GPIO_Input
PB6.Locked=true
PB6.Mode=I2C
PB6.Signal=I2C1_SCL
PB7.Locked=true
PB7.Mode=I2C
PB7.Signal=I2C1_SDA
PB8.GPIOParameters=GPIO_Speed
PB8.GPIO_Speed=GPIO_SPEED_FREQ_VERY_HIGH
PB8.Locked=true
PB8.Mode=RGB888
PB8.Signal=LTDC_B6
PB9.GPIOParameters=GPIO_Speed
PB9.GPIO_Speed=GPIO_SPEED_FREQ_VERY_HIGH
PB9.Locked=true
PB9.Mode=RGB888
PB9.Signal=LTDC_B7
PC0.GPIOParameters=GPIO_Speed
PC0.GPIO_Speed=GPIO_SPEED_FREQ_VERY_HIGH
PC0.Locked=true
PC0.Mode=RGB888
PC0.Signal=LTDC_R5
PC10.GPIOParameters=GPIO_Label
PC10.GPIO_Label=PM25_USART_TX
PC10.Mode=Asynchronous
PC10.Signal=USART3_TX
PC12.GPIOParameters=GPIO_Label
PC12.GPIO_Label=LORA_TX
PC12.Locked=true
PC12.Mode=Asynchronous
PC12.Signal=UART5_TX
PC2_C.Mode=SdramChipSelect1_1
PC2_C.Signal=FMC_SDNE0
PC3_C.Mode=SdramChipSelect1_1
PC3_C.Signal=FMC_SDCKE0
PC4.GPIOParameters=GPIO_Label
PC4.GPIO_Label=KEY_UP_DOWN
PC4.Locked=true
PC4.Signal=ADCx_INP4
PC5.GPIOParameters=GPIO_Label
PC5.GPIO_Label=KEY_LEFT_RIGHT
PC5.Locked=true
PC5.Signal=ADCx_INP8
PC9.GPIOParameters=GPIO_Speed
PC9.GPIO_Speed=GPIO_SPEED_FREQ_VERY_HIGH
PC9.Locked=true
PC9.Mode=RGB888
PC9.Signal=LTDC_G3
PD0.Signal=FMC_D2_DA2
PD1.Signal=FMC_D3_DA3
PD10.GPIOParameters=PinAttribute
PD10.PinAttribute=Free
PD10.Signal=FMC_D15_DA15
PD12.GPIOParameters=GPIO_Speed,GPIO_Label
PD12.GPIO_Label=WS2812B_PWM
PD12.GPIO_Speed=GPIO_SPEED_FREQ_MEDIUM
PD12.Locked=true
PD12.Signal=S_TIM4_CH1
PD14.GPIOParameters=PinAttribute
PD14.PinAttribute=Free
PD14.Signal=FMC_D0_DA0
PD15.GPIOParameters=PinAttribute
PD15.PinAttribute=Free
PD15.Signal=FMC_D1_DA1
PD2.GPIOParameters=GPIO_Label
PD2.GPIO_Label=LORA_RX
PD2.Locked=true
PD2.Mode=Asynchronous
PD2.Signal=UART5_RX
PD3.GPIOParameters=GPIO_Label
PD3.GPIO_Label=LORA_AUX
PD3.Locked=true
PD3.Signal=GPIO_Input
PD4.GPIOParameters=GPIO_Label
PD4.GPIO_Label=LORA_M1
PD4.Locked=true
PD4.Signal=GPIO_Output
PD5.GPIOParameters=GPIO_Speed,PinState,GPIO_PuPd,GPIO_Label,GPIO_ModeDefaultOutputPP
PD5.GPIO_Label=LORA_M0
PD5.GPIO_ModeDefaultOutputPP=GPIO_MODE_OUTPUT_PP
PD5.GPIO_PuPd=GPIO_NOPULL
PD5.GPIO_Speed=GPIO_SPEED_FREQ_LOW
PD5.Locked=true
PD5.PinState=GPIO_PIN_RESET
PD5.Signal=GPIO_Output
PD6.GPIOParameters=GPIO_Speed
PD6.GPIO_Speed=GPIO_SPEED_FREQ_VERY_HIGH
PD6.Locked=true
PD6.Mode=RGB888
PD6.Signal=LTDC_B2
PD7.GPIOParameters=GPIO_Speed,GPIO_Label
PD7.GPIO_Label=W5500_MOSI
PD7.GPIO_Speed=GPIO_SPEED_FREQ_VERY_HIGH
PD7.Locked=true
PD7.Mode=Full_Duplex_Master
PD7.Signal=SPI1_MOSI
PD8.GPIOParameters=PinAttribute
PD8.PinAttribute=Free
PD8.Signal=FMC_D13_DA13
PD9.GPIOParameters=PinAttribute
PD9.PinAttribute=Free
PD9.Signal=FMC_D14_DA14
PE0.Signal=FMC_NBL0
PE1.Signal=FMC_NBL1
PE10.Signal=FMC_D7_DA7
PE11.Signal=FMC_D8_DA8
PE12.Signal=FMC_D9_DA9
PE13.Signal=FMC_D10_DA10
PE14.Signal=FMC_D11_DA11
PE15.Signal=FMC_D12_DA12
PE2.GPIOParameters=GPIO_Speed
PE2.GPIO_Speed=GPIO_SPEED_FREQ_VERY_HIGH
PE2.Mode=Single Bank 1
PE2.Signal=QUADSPI_BK1_IO2
PE4.GPIOParameters=GPIO_Speed
PE4.GPIO_Speed=GPIO_SPEED_FREQ_VERY_HIGH
PE4.Locked=true
PE4.Mode=RGB888
PE4.Signal=LTDC_B0
PE5.GPIOParameters=GPIO_Speed
PE5.GPIO_Speed=GPIO_SPEED_FREQ_VERY_HIGH
PE5.Mode=RGB888
PE5.Signal=LTDC_G0
PE6.GPIOParameters=GPIO_Speed
PE6.GPIO_Speed=GPIO_SPEED_FREQ_VERY_HIGH
PE6.Mode=RGB888
PE6.Signal=LTDC_G1
PE7.Signal=FMC_D4_DA4
PE8.Signal=FMC_D5_DA5
PE9.Signal=FMC_D6_DA6
PF0.Signal=FMC_A0
PF1.Signal=FMC_A1
PF10.GPIOParameters=GPIO_Speed
PF10.GPIO_Speed=GPIO_SPEED_FREQ_VERY_HIGH
PF10.Mode=RGB888
PF10.Signal=LTDC_DE
PF11.Signal=FMC_SDNRAS
PF12.Signal=FMC_A6
PF13.Signal=FMC_A7
PF14.Signal=FMC_A8
PF15.Signal=FMC_A9
PF2.Signal=FMC_A2
PF3.Signal=FMC_A3
PF4.Signal=FMC_A4
PF5.Signal=FMC_A5
PF6.GPIOParameters=GPIO_Speed
PF6.GPIO_Speed=GPIO_SPEED_FREQ_VERY_HIGH
PF6.Mode=Single Bank 1
PF6.Signal=QUADSPI_BK1_IO3
PF8.GPIOParameters=GPIO_Speed
PF8.GPIO_Speed=GPIO_SPEED_FREQ_VERY_HIGH
PF8.Mode=Single Bank 1
PF8.Signal=QUADSPI_BK1_IO0
PF9.GPIOParameters=GPIO_Speed
PF9.GPIO_Speed=GPIO_SPEED_FREQ_VERY_HIGH
PF9.Mode=Single Bank 1
PF9.Signal=QUADSPI_BK1_IO1
PG0.Signal=FMC_A10
PG1.Signal=FMC_A11
PG10.GPIOParameters=GPIO_Label
PG10.GPIO_Label=W5500_CS
PG10.Locked=true
PG10.Signal=GPIO_Output
PG11.GPIOParameters=GPIO_Speed,GPIO_Label
PG11.GPIO_Label=W5500_SCK
PG11.GPIO_Speed=GPIO_SPEED_FREQ_VERY_HIGH
PG11.Locked=true
PG11.Mode=Full_Duplex_Master
PG11.Signal=SPI1_SCK
PG12.GPIOParameters=GPIO_Speed
PG12.GPIO_Speed=GPIO_SPEED_FREQ_VERY_HIGH
PG12.Locked=true
PG12.Mode=RGB888
PG12.Signal=LTDC_B1
PG15.Signal=FMC_SDNCAS
PG2.GPIOParameters=PinAttribute
PG2.Locked=true
PG2.PinAttribute=Free
PG2.Signal=FMC_A12
PG4.GPIOParameters=PinAttribute
PG4.PinAttribute=Free
PG4.Signal=FMC_A14_BA0
PG5.GPIOParameters=PinAttribute
PG5.PinAttribute=Free
PG5.Signal=FMC_A15_BA1
PG6.GPIOParameters=GPIO_Speed,PinAttribute
PG6.GPIO_Speed=GPIO_SPEED_FREQ_VERY_HIGH
PG6.Mode=RGB888
PG6.PinAttribute=Free
PG6.Signal=LTDC_R7
PG7.GPIOParameters=GPIO_Speed,PinAttribute
PG7.GPIO_Speed=GPIO_SPEED_FREQ_VERY_HIGH
PG7.Locked=true
PG7.Mode=RGB888
PG7.PinAttribute=Free
PG7.Signal=LTDC_CLK
PG8.Signal=FMC_SDCLK
PG9.GPIOParameters=GPIO_Speed,GPIO_Label
PG9.GPIO_Label=W5500_MISO
PG9.GPIO_Speed=GPIO_SPEED_FREQ_VERY_HIGH
PG9.Locked=true
PG9.Mode=Full_Duplex_Master
PG9.Signal=SPI1_MISO
PH0-OSC_IN\ (PH0).Mode=HSE-External-Oscillator
PH0-OSC_IN\ (PH0).Signal=RCC_OSC_IN
PH1-OSC_OUT\ (PH1).Mode=HSE-External-Oscillator
PH1-OSC_OUT\ (PH1).Signal=RCC_OSC_OUT
PH10.GPIOParameters=PinState,GPIO_PuPd,GPIO_Label
PH10.GPIO_Label=PM25_RST
PH10.GPIO_PuPd=GPIO_PULLUP
PH10.Locked=true
PH10.PinState=GPIO_PIN_SET
PH10.Signal=GPIO_Output
PH11.Locked=true
PH11.Mode=I2C
PH11.Signal=I2C4_SCL
PH12.Locked=true
PH12.Mode=I2C
PH12.Signal=I2C4_SDA
PH15.GPIOParameters=GPIO_Speed
PH15.GPIO_Speed=GPIO_SPEED_FREQ_VERY_HIGH
PH15.Locked=true
PH15.Mode=RGB888
PH15.Signal=LTDC_G4
PH2.GPIOParameters=GPIO_Speed
PH2.GPIO_Speed=GPIO_SPEED_FREQ_VERY_HIGH
PH2.Mode=RGB888
PH2.Signal=LTDC_R0
PH3.GPIOParameters=GPIO_Speed,GPIO_PuPd,GPIO_Label
PH3.GPIO_Label=HV_EN
PH3.GPIO_PuPd=GPIO_PULLDOWN
PH3.GPIO_Speed=GPIO_SPEED_FREQ_LOW
PH3.Locked=true
PH3.Signal=GPIO_Output
PH4.GPIOParameters=PinState,GPIO_PuPd,GPIO_Label
PH4.GPIO_Label=LCD_RST
PH4.GPIO_PuPd=GPIO_PULLUP
PH4.Locked=true
PH4.PinState=GPIO_PIN_SET
PH4.Signal=GPIO_Output
PH5.GPIOParameters=GPIO_Speed,PinState,GPIO_PuPd,GPIO_Label
PH5.GPIO_Label=LCD_CS
PH5.GPIO_PuPd=GPIO_PULLUP
PH5.GPIO_Speed=GPIO_SPEED_FREQ_LOW
PH5.Locked=true
PH5.PinState=GPIO_PIN_SET
PH5.Signal=GPIO_Output
PH6.GPIOParameters=GPIO_Speed,GPIO_Label
PH6.GPIO_Label=LCD_BACKLIGHT
PH6.GPIO_Speed=GPIO_SPEED_FREQ_LOW
PH6.Locked=true
PH6.Signal=S_TIM12_CH1
PH7.GPIOParameters=GPIO_Label
PH7.GPIO_Label=KEY_SET
PH7.Locked=true
PH7.Signal=GPIO_Input
PH9.GPIOParameters=GPIO_Speed,GPIO_Label
PH9.GPIO_Label=BEEP_PWM
PH9.GPIO_Speed=GPIO_SPEED_FREQ_LOW
PH9.Locked=true
PH9.Signal=S_TIM12_CH2
PI0.GPIOParameters=GPIO_Speed
PI0.GPIO_Speed=GPIO_SPEED_FREQ_VERY_HIGH
PI0.Locked=true
PI0.Mode=RGB888
PI0.Signal=LTDC_G5
PI10.GPIOParameters=GPIO_Speed
PI10.GPIO_Speed=GPIO_SPEED_FREQ_VERY_HIGH
PI10.Mode=RGB888
PI10.Signal=LTDC_HSYNC
PI11.GPIOParameters=GPIO_Speed
PI11.GPIO_Speed=GPIO_SPEED_FREQ_VERY_HIGH
PI11.Mode=RGB888
PI11.Signal=LTDC_G6
PI2.GPIOParameters=GPIO_Speed
PI2.GPIO_Speed=GPIO_SPEED_FREQ_VERY_HIGH
PI2.Mode=RGB888
PI2.Signal=LTDC_G7
PI4.GPIOParameters=GPIO_Speed
PI4.GPIO_Speed=GPIO_SPEED_FREQ_VERY_HIGH
PI4.Mode=RGB888
PI4.Signal=LTDC_B4
PI8.GPIOParameters=PinState,GPIO_Label
PI8.GPIO_Label=HLK_WDT_RST
PI8.Locked=true
PI8.PinState=GPIO_PIN_RESET
PI8.Signal=GPIO_Output
PI9.GPIOParameters=GPIO_Speed
PI9.GPIO_Speed=GPIO_SPEED_FREQ_VERY_HIGH
PI9.Mode=RGB888
PI9.Signal=LTDC_VSYNC
PinOutPanel.RotationAngle=0
ProjectManager.AskForMigrate=true
ProjectManager.BackupPrevious=false
ProjectManager.CompilerLinker=GCC
ProjectManager.CompilerOptimize=6
ProjectManager.ComputerToolchain=false
ProjectManager.CoupleFile=true
ProjectManager.CustomerFirmwarePackage=
ProjectManager.DefaultFWLocation=true
ProjectManager.DeletePrevious=true
ProjectManager.DeviceId=STM32H743IITx
ProjectManager.FirmwarePackage=STM32Cube FW_H7 V1.12.1
ProjectManager.FreePins=false
ProjectManager.HalAssertFull=false
ProjectManager.HeapSize=0x200
ProjectManager.KeepUserCode=true
ProjectManager.LastFirmware=true
ProjectManager.LibraryCopy=0
ProjectManager.MainLocation=Core/Src
ProjectManager.NoMain=false
ProjectManager.PreviousToolchain=
ProjectManager.ProjectBuild=false
ProjectManager.ProjectFileName=RAW_I.ioc
ProjectManager.ProjectName=RAW_I
ProjectManager.ProjectStructure=
ProjectManager.RegisterCallBack=
ProjectManager.StackSize=0x400
ProjectManager.TargetToolchain=MDK-ARM V5.32
ProjectManager.ToolChainLocation=
ProjectManager.UAScriptAfterPath=
ProjectManager.UAScriptBeforePath=
ProjectManager.UnderRoot=false
ProjectManager.functionlistsort=1-SystemClock_Config-RCC-false-HAL-false,2-MX_GPIO_Init-GPIO-false-HAL-true,3-MX_DMA_Init-DMA-false-HAL-true,4-MX_LTDC_Init-LTDC-false-HAL-true,5-MX_QUADSPI_Init-QUADSPI-false-HAL-true,6-MX_ADC2_Init-ADC2-false-HAL-true,7-MX_FMC_Init-FMC-false-HAL-true,8-MX_USART3_UART_Init-USART3-false-HAL-true,9-MX_FDCAN2_Init-FDCAN2-false-HAL-true,10-MX_I2C4_Init-I2C4-false-HAL-true,11-MX_TIM4_Init-TIM4-false-HAL-true,12-MX_TIM12_Init-TIM12-false-HAL-true,13-MX_SPI1_Init-SPI1-false-HAL-true,14-MX_UART5_Init-UART5-false-HAL-true,15-MX_USART1_UART_Init-USART1-false-HAL-true,16-MX_USB_OTG_FS_PCD_Init-USB_OTG_FS-false-HAL-true,17-MX_I2C1_Init-I2C1-false-HAL-true,0-MX_CORTEX_M7_Init-CORTEX_M7-false-HAL-true
QUADSPI.ChipSelectHighTime=QSPI_CS_HIGH_TIME_4_CYCLE
QUADSPI.ClockPrescaler=0
QUADSPI.FifoThreshold=4
QUADSPI.FlashSize=22
QUADSPI.IPParameters=ClockPrescaler,FifoThreshold,SampleShifting,FlashSize,ChipSelectHighTime
QUADSPI.SampleShifting=QSPI_SAMPLE_SHIFTING_HALFCYCLE
RCC.ADCFreq_Value=96000000
RCC.AHB12Freq_Value=240000000
RCC.AHB4Freq_Value=240000000
RCC.APB1Freq_Value=120000000
RCC.APB2Freq_Value=120000000
RCC.APB3Freq_Value=120000000
RCC.APB4Freq_Value=120000000
RCC.AXIClockFreq_Value=240000000
RCC.CECFreq_Value=32000
RCC.CKPERFreq_Value=64000000
RCC.CortexFreq_Value=480000000
RCC.CpuClockFreq_Value=480000000
RCC.D1CPREFreq_Value=480000000
RCC.D1PPRE=RCC_APB3_DIV2
RCC.D2PPRE1=RCC_APB1_DIV2
RCC.D2PPRE2=RCC_APB2_DIV2
RCC.D3PPRE=RCC_APB4_DIV2
RCC.DFSDMACLkFreq_Value=120000000
RCC.DFSDMFreq_Value=120000000
RCC.DIVM1=5
RCC.DIVM2=5
RCC.DIVM3=5
RCC.DIVN1=192
RCC.DIVN2=192
RCC.DIVN3=192
RCC.DIVP1Freq_Value=480000000
RCC.DIVP2=10
RCC.DIVP2Freq_Value=96000000
RCC.DIVP3=8
RCC.DIVP3Freq_Value=120000000
RCC.DIVQ1=8
RCC.DIVQ1Freq_Value=120000000
RCC.DIVQ2=5
RCC.DIVQ2Freq_Value=192000000
RCC.DIVQ3=10
RCC.DIVQ3Freq_Value=96000000
RCC.DIVR1Freq_Value=480000000
RCC.DIVR2=8
RCC.DIVR2Freq_Value=120000000
RCC.DIVR3=30
RCC.DIVR3Freq_Value=32000000
RCC.EnbaleCSS=false
RCC.FDCANFreq_Value=120000000
RCC.FMCCLockSelection=RCC_FMCCLKSOURCE_PLL
RCC.FMCFreq_Value=120000000
RCC.FamilyName=M
RCC.HCLK3ClockFreq_Value=240000000
RCC.HCLKFreq_Value=240000000
RCC.HPRE=RCC_HCLK_DIV2
RCC.HRTIMFreq_Value=240000000
RCC.I2C123Freq_Value=120000000
RCC.I2C4Freq_Value=120000000
RCC.IPParameters=ADCFreq_Value,AHB12Freq_Value,AHB4Freq_Value,APB1Freq_Value,APB2Freq_Value,APB3Freq_Value,APB4Freq_Value,AXIClockFreq_Value,CECFreq_Value,CKPERFreq_Value,CortexFreq_Value,CpuClockFreq_Value,D1CPREFreq_Value,D1PPRE,D2PPRE1,D2PPRE2,D3PPRE,DFSDMACLkFreq_Value,DFSDMFreq_Value,DIVM1,DIVM2,DIVM3,DIVN1,DIVN2,DIVN3,DIVP1Freq_Value,DIVP2,DIVP2Freq_Value,DIVP3,DIVP3Freq_Value,DIVQ1,DIVQ1Freq_Value,DIVQ2,DIVQ2Freq_Value,DIVQ3,DIVQ3Freq_Value,DIVR1Freq_Value,DIVR2,DIVR2Freq_Value,DIVR3,DIVR3Freq_Value,EnbaleCSS,FDCANFreq_Value,FMCCLockSelection,FMCFreq_Value,FamilyName,HCLK3ClockFreq_Value,HCLKFreq_Value,HPRE,HRTIMFreq_Value,I2C123Freq_Value,I2C4Freq_Value,LPTIM1Freq_Value,LPTIM2Freq_Value,LPTIM345Freq_Value,LPUART1Freq_Value,LTDCFreq_Value,MCO1PinFreq_Value,MCO2PinFreq_Value,PLL1_VCI_Range,PLL2_VCI_Range-AdvancedSettings,PLLSourceVirtual,QSPICLockSelection,QSPIFreq_Value,RNGFreq_Value,RTCFreq_Value,SAI1Freq_Value,SAI23Freq_Value,SAI4AFreq_Value,SAI4BFreq_Value,SDMMCFreq_Value,SPDIFRXFreq_Value,SPI123CLockSelection,SPI123Freq_Value,SPI45Freq_Value,SPI6Freq_Value,SWPMI1Freq_Value,SYSCLKFreq_VALUE,SYSCLKSource,Tim1OutputFreq_Value,Tim2OutputFreq_Value,TraceFreq_Value,USART16Freq_Value,USART234578Freq_Value,USBCLockSelection,USBFreq_Value,VCO1OutputFreq_Value,VCO2OutputFreq_Value,VCO3OutputFreq_Value,VCOInput1Freq_Value,VCOInput2Freq_Value,VCOInput3Freq_Value
RCC.LPTIM1Freq_Value=120000000
RCC.LPTIM2Freq_Value=120000000
RCC.LPTIM345Freq_Value=120000000
RCC.LPUART1Freq_Value=120000000
RCC.LTDCFreq_Value=32000000
RCC.MCO1PinFreq_Value=64000000
RCC.MCO2PinFreq_Value=480000000
RCC.PLL1_VCI_Range=RCC_PLL1VCIRANGE_0
RCC.PLL2_VCI_Range-AdvancedSettings=RCC_PLL2VCIRANGE_2
RCC.PLLSourceVirtual=RCC_PLLSOURCE_HSE
RCC.QSPICLockSelection=RCC_QSPICLKSOURCE_PLL2
RCC.QSPIFreq_Value=120000000
RCC.RNGFreq_Value=48000000
RCC.RTCFreq_Value=32000
RCC.SAI1Freq_Value=120000000
RCC.SAI23Freq_Value=120000000
RCC.SAI4AFreq_Value=120000000
RCC.SAI4BFreq_Value=120000000
RCC.SDMMCFreq_Value=120000000
RCC.SPDIFRXFreq_Value=120000000
RCC.SPI123CLockSelection=RCC_SPI123CLKSOURCE_PLL3
RCC.SPI123Freq_Value=120000000
RCC.SPI45Freq_Value=120000000
RCC.SPI6Freq_Value=120000000
RCC.SWPMI1Freq_Value=120000000
RCC.SYSCLKFreq_VALUE=480000000
RCC.SYSCLKSource=RCC_SYSCLKSOURCE_PLLCLK
RCC.Tim1OutputFreq_Value=240000000
RCC.Tim2OutputFreq_Value=240000000
RCC.TraceFreq_Value=480000000
RCC.USART16Freq_Value=120000000
RCC.USART234578Freq_Value=120000000
RCC.USBCLockSelection=RCC_USBCLKSOURCE_HSI48
RCC.USBFreq_Value=48000000
RCC.VCO1OutputFreq_Value=960000000
RCC.VCO2OutputFreq_Value=960000000
RCC.VCO3OutputFreq_Value=960000000
RCC.VCOInput1Freq_Value=5000000
RCC.VCOInput2Freq_Value=5000000
RCC.VCOInput3Freq_Value=5000000
SH.ADCx_INP18.0=ADC2_INP18,IN18-Single-Ended
SH.ADCx_INP18.ConfNb=1
SH.ADCx_INP4.0=ADC2_INP4,IN4-Single-Ended
SH.ADCx_INP4.ConfNb=1
SH.ADCx_INP8.0=ADC2_INP8,IN8-Single-Ended
SH.ADCx_INP8.ConfNb=1
SH.FMC_A0.0=FMC_A0,13b-sda1
SH.FMC_A0.ConfNb=1
SH.FMC_A1.0=FMC_A1,13b-sda1
SH.FMC_A1.ConfNb=1
SH.FMC_A10.0=FMC_A10,13b-sda1
SH.FMC_A10.ConfNb=1
SH.FMC_A11.0=FMC_A11,13b-sda1
SH.FMC_A11.ConfNb=1
SH.FMC_A12.0=FMC_A12,13b-sda1
SH.FMC_A12.ConfNb=1
SH.FMC_A14_BA0.0=FMC_BA0,FourSdramBanks1
SH.FMC_A14_BA0.ConfNb=1
SH.FMC_A15_BA1.0=FMC_BA1,FourSdramBanks1
SH.FMC_A15_BA1.ConfNb=1
SH.FMC_A2.0=FMC_A2,13b-sda1
SH.FMC_A2.ConfNb=1
SH.FMC_A3.0=FMC_A3,13b-sda1
SH.FMC_A3.ConfNb=1
SH.FMC_A4.0=FMC_A4,13b-sda1
SH.FMC_A4.ConfNb=1
SH.FMC_A5.0=FMC_A5,13b-sda1
SH.FMC_A5.ConfNb=1
SH.FMC_A6.0=FMC_A6,13b-sda1
SH.FMC_A6.ConfNb=1
SH.FMC_A7.0=FMC_A7,13b-sda1
SH.FMC_A7.ConfNb=1
SH.FMC_A8.0=FMC_A8,13b-sda1
SH.FMC_A8.ConfNb=1
SH.FMC_A9.0=FMC_A9,13b-sda1
SH.FMC_A9.ConfNb=1
SH.FMC_D0_DA0.0=FMC_D0,sd-16b-d1
SH.FMC_D0_DA0.ConfNb=1
SH.FMC_D10_DA10.0=FMC_D10,sd-16b-d1
SH.FMC_D10_DA10.ConfNb=1
SH.FMC_D11_DA11.0=FMC_D11,sd-16b-d1
SH.FMC_D11_DA11.ConfNb=1
SH.FMC_D12_DA12.0=FMC_D12,sd-16b-d1
SH.FMC_D12_DA12.ConfNb=1
SH.FMC_D13_DA13.0=FMC_D13,sd-16b-d1
SH.FMC_D13_DA13.ConfNb=1
SH.FMC_D14_DA14.0=FMC_D14,sd-16b-d1
SH.FMC_D14_DA14.ConfNb=1
SH.FMC_D15_DA15.0=FMC_D15,sd-16b-d1
SH.FMC_D15_DA15.ConfNb=1
SH.FMC_D1_DA1.0=FMC_D1,sd-16b-d1
SH.FMC_D1_DA1.ConfNb=1
SH.FMC_D2_DA2.0=FMC_D2,sd-16b-d1
SH.FMC_D2_DA2.ConfNb=1
SH.FMC_D3_DA3.0=FMC_D3,sd-16b-d1
SH.FMC_D3_DA3.ConfNb=1
SH.FMC_D4_DA4.0=FMC_D4,sd-16b-d1
SH.FMC_D4_DA4.ConfNb=1
SH.FMC_D5_DA5.0=FMC_D5,sd-16b-d1
SH.FMC_D5_DA5.ConfNb=1
SH.FMC_D6_DA6.0=FMC_D6,sd-16b-d1
SH.FMC_D6_DA6.ConfNb=1
SH.FMC_D7_DA7.0=FMC_D7,sd-16b-d1
SH.FMC_D7_DA7.ConfNb=1
SH.FMC_D8_DA8.0=FMC_D8,sd-16b-d1
SH.FMC_D8_DA8.ConfNb=1
SH.FMC_D9_DA9.0=FMC_D9,sd-16b-d1
SH.FMC_D9_DA9.ConfNb=1
SH.FMC_NBL0.0=FMC_NBL0,Sd2ByteEnable1
SH.FMC_NBL0.ConfNb=1
SH.FMC_NBL1.0=FMC_NBL1,Sd2ByteEnable1
SH.FMC_NBL1.ConfNb=1
SH.FMC_SDCLK.0=FMC_SDCLK,13b-sda1
SH.FMC_SDCLK.ConfNb=1
SH.FMC_SDNCAS.0=FMC_SDNCAS,13b-sda1
SH.FMC_SDNCAS.ConfNb=1
SH.FMC_SDNRAS.0=FMC_SDNRAS,13b-sda1
SH.FMC_SDNRAS.ConfNb=1
SH.FMC_SDNWE.0=FMC_SDNWE,13b-sda1
SH.FMC_SDNWE.ConfNb=1
SH.S_TIM12_CH1.0=TIM12_CH1,PWM Generation1 CH1
SH.S_TIM12_CH1.ConfNb=1
SH.S_TIM12_CH2.0=TIM12_CH2,PWM Generation2 CH2
SH.S_TIM12_CH2.ConfNb=1
SH.S_TIM4_CH1.0=TIM4_CH1,PWM Generation1 CH1
SH.S_TIM4_CH1.ConfNb=1
SPI1.BaudRatePrescaler=SPI_BAUDRATEPRESCALER_2
SPI1.CLKPhase=SPI_PHASE_1EDGE
SPI1.CalculateBaudRate=60.0 MBits/s
SPI1.DataSize=SPI_DATASIZE_8BIT
SPI1.Direction=SPI_DIRECTION_2LINES
SPI1.FifoThreshold=SPI_FIFO_THRESHOLD_08DATA
SPI1.IPParameters=VirtualType,Mode,Direction,CalculateBaudRate,DataSize,BaudRatePrescaler,FifoThreshold,CLKPhase
SPI1.Mode=SPI_MODE_MASTER
SPI1.VirtualType=VM_MASTER
TIM12.AutoReloadPreload=TIM_AUTORELOAD_PRELOAD_ENABLE
TIM12.Channel-PWM\ Generation1\ CH1=TIM_CHANNEL_1
TIM12.Channel-PWM\ Generation2\ CH2=TIM_CHANNEL_2
TIM12.IPParameters=Prescaler,Period,AutoReloadPreload,Channel-PWM Generation2 CH2,Channel-PWM Generation1 CH1,Pulse-PWM Generation1 CH1,Pulse-PWM Generation2 CH2
TIM12.Period=1000
TIM12.Prescaler=239
TIM12.Pulse-PWM\ Generation1\ CH1=1000
TIM12.Pulse-PWM\ Generation2\ CH2=500
TIM4.AutoReloadPreload=TIM_AUTORELOAD_PRELOAD_DISABLE
TIM4.Channel-PWM\ Generation1\ CH1=TIM_CHANNEL_1
TIM4.IPParameters=Channel-PWM Generation1 CH1,Prescaler,Period,AutoReloadPreload,Pulse-PWM Generation1 CH1
TIM4.Period=180-1
TIM4.Prescaler=2-1
TIM4.Pulse-PWM\ Generation1\ CH1=0
USART1.IPParameters=VirtualMode-Asynchronous
USART1.VirtualMode-Asynchronous=VM_ASYNC
USART3.BaudRate=921600
USART3.IPParameters=VirtualMode-Asynchronous,BaudRate
USART3.VirtualMode-Asynchronous=VM_ASYNC
USB_OTG_FS.IPParameters=VirtualMode,Sof_enable,dma_enable
USB_OTG_FS.Sof_enable=DISABLE
USB_OTG_FS.VirtualMode=Device_Only
USB_OTG_FS.dma_enable=DISABLE
VP_MEMORYMAP_VS_MEMORYMAP.Mode=CurAppReg
VP_MEMORYMAP_VS_MEMORYMAP.Signal=MEMORYMAP_VS_MEMORYMAP
VP_SYS_VS_Systick.Mode=SysTick
VP_SYS_VS_Systick.Signal=SYS_VS_Systick
VP_TIM12_VS_ClockSourceINT.Mode=Internal
VP_TIM12_VS_ClockSourceINT.Signal=TIM12_VS_ClockSourceINT
VP_TIM4_VS_ClockSourceINT.Mode=Internal
VP_TIM4_VS_ClockSourceINT.Signal=TIM4_VS_ClockSourceINT
board=custom
